{
  "name": "dweb-resolver",
  "version": "1.0.0",
  "lockfileVersion": 2,
  "requires": true,
  "packages": {
    "": {
      "name": "dweb-resolver",
      "version": "1.0.0",
      "license": "ISC",
      "dependencies": {
        "esbuild-wasm": "^0.25.5"
      }
    },
    "node_modules/esbuild-wasm": {
      "version": "0.25.5",
      "resolved": "https://registry.npmjs.org/esbuild-wasm/-/esbuild-wasm-0.25.5.tgz",
      "integrity": "sha512-V/rbdOws2gDcnCAECfPrajhuafI0WY4WumUgc8ZHwOLnvmM0doLQ+dqvVFI2qkVxQsvo6880aC9IjpyDqcwwTw==",
      "bin": {
        "esbuild": "bin/esbuild"
      },
      "engines": {
        "node": ">=18"
      }
    }
  },
  "dependencies": {
    "esbuild-wasm": {
      "version": "0.25.5",
      "resolved": "https://registry.npmjs.org/esbuild-wasm/-/esbuild-wasm-0.25.5.tgz",
      "integrity": "sha512-V/rbdOws2gDcnCAECfPrajhuafI0WY4WumUgc8ZHwOLnvmM0doLQ+dqvVFI2qkVxQsvo6880aC9IjpyDqcwwTw=="
    }
  }
}
